
Microsoft Visual Studio Solution File, Format Version 12.00
# Visual Studio Version 17
VisualStudioVersion = 17.13.35825.156 d17.13
MinimumVisualStudioVersion = 10.0.40219.1
Project("{FAE04EC0-301F-11D3-BF4B-00C04F79EFBC}") = "PrimeiroApp", "PrimeiroApp\PrimeiroApp.csproj", "{8EEA1E36-860C-49DD-A864-A5E2F3DFE2EF}"
EndProject
Global
	GlobalSection(SolutionConfigurationPlatforms) = preSolution
		Debug|Any CPU = Debug|Any CPU
		Release|Any CPU = Release|Any CPU
	EndGlobalSection
	GlobalSection(ProjectConfigurationPlatforms) = postSolution
		{8EEA1E36-860C-49DD-A864-A5E2F3DFE2EF}.Debug|Any CPU.ActiveCfg = Debug|Any CPU
		{8EEA1E36-860C-49DD-A864-A5E2F3DFE2EF}.Debug|Any CPU.Build.0 = Debug|Any CPU
		{8EEA1E36-860C-49DD-A864-A5E2F3DFE2EF}.Release|Any CPU.ActiveCfg = Release|Any CPU
		{8EEA1E36-860C-49DD-A864-A5E2F3DFE2EF}.Release|Any CPU.Build.0 = Release|Any CPU
	EndGlobalSection
	GlobalSection(SolutionProperties) = preSolution
		HideSolutionNode = FALSE
	EndGlobalSection
	GlobalSection(ExtensibilityGlobals) = postSolution
		SolutionGuid = {B634A38B-41DF-4FC8-898C-90C61D112648}
	EndGlobalSection
EndGlobal
